
Microsoft Visual Studio Solution File, Format Version 12.00
# Visual Studio 14
VisualStudioVersion = 14.0.25420.1
MinimumVisualStudioVersion = 10.0.40219.1
Project("{FAE04EC0-301F-11D3-BF4B-00C04F79EFBC}") = "OfflineConflattionJudgeTool", "OfflineConflattionJudgeTool\OfflineConflattionJudgeTool.csproj", "{F6C97908-61E9-4FE3-AF60-324EC13DC26B}"
EndProject
Project("{FAE04EC0-301F-11D3-BF4B-00C04F79EFBC}") = "Utils", "Utils\Utils.csproj", "{2CD61CED-B882-41E4-8C76-D1C898FF32EB}"
EndProject
Global
	GlobalSection(SolutionConfigurationPlatforms) = preSolution
		Debug|Any CPU = Debug|Any CPU
		Release|Any CPU = Release|Any CPU
	EndGlobalSection
	GlobalSection(ProjectConfigurationPlatforms) = postSolution
		{F6C97908-61E9-4FE3-AF60-324EC13DC26B}.Debug|Any CPU.ActiveCfg = Debug|Any CPU
		{F6C97908-61E9-4FE3-AF60-324EC13DC26B}.Debug|Any CPU.Build.0 = Debug|Any CPU
		{F6C97908-61E9-4FE3-AF60-324EC13DC26B}.Release|Any CPU.ActiveCfg = Release|Any CPU
		{F6C97908-61E9-4FE3-AF60-324EC13DC26B}.Release|Any CPU.Build.0 = Release|Any CPU
		{2CD61CED-B882-41E4-8C76-D1C898FF32EB}.Debug|Any CPU.ActiveCfg = Debug|Any CPU
		{2CD61CED-B882-41E4-8C76-D1C898FF32EB}.Debug|Any CPU.Build.0 = Debug|Any CPU
		{2CD61CED-B882-41E4-8C76-D1C898FF32EB}.Release|Any CPU.ActiveCfg = Release|Any CPU
		{2CD61CED-B882-41E4-8C76-D1C898FF32EB}.Release|Any CPU.Build.0 = Release|Any CPU
	EndGlobalSection
	GlobalSection(SolutionProperties) = preSolution
		HideSolutionNode = FALSE
	EndGlobalSection
EndGlobal
